
Microsoft Visual Studio Solution File, Format Version 12.00
# Visual Studio Version 17
VisualStudioVersion = 17.4.33213.308
MinimumVisualStudioVersion = 10.0.40219.1
Project("{2150E333-8FDC-42A3-9474-1A3956D46DE8}") = "Engine", "Engine", "{A534ACAE-C701-4119-9442-E4D658C9C54E}"
EndProject
Project("{8BC9CEB8-8B4A-11D0-8D11-00A0C91BC942}") = "XephEngine", "Engine\XephEngine\XephEngine.vcxproj", "{974FE745-0318-4C3B-AE60-E3C880B4689B}"
EndProject
Project("{2150E333-8FDC-42A3-9474-1A3956D46DE8}") = "Framework", "Framework", "{FFEFBBE6-5ED0-494D-AD5B-95391EEF355A}"
EndProject
Project("{8BC9CEB8-8B4A-11D0-8D11-00A0C91BC942}") = "Core", "Framework\Core\Core.vcxproj", "{8AD805AE-7BAB-40F4-A874-845FCD3F3BD5}"
EndProject
Project("{8BC9CEB8-8B4A-11D0-8D11-00A0C91BC942}") = "Graphics", "Framework\Graphics\Graphics.vcxproj", "{943A5553-FB42-4D44-A6FD-A4505C471306}"
EndProject
Project("{8BC9CEB8-8B4A-11D0-8D11-00A0C91BC942}") = "Math", "Framework\Math\Math.vcxproj", "{559783D1-4643-41A5-8DEF-067CF092C1E7}"
EndProject
Project("{2150E333-8FDC-42A3-9474-1A3956D46DE8}") = "VGP242", "VGP242", "{39574EA4-28E7-457D-83A9-AE2562EC724A}"
EndProject
Project("{8BC9CEB8-8B4A-11D0-8D11-00A0C91BC942}") = "001_HelloWindow", "VGP242\01_HelloWindow\001_HelloWindow\001_HelloWindow.vcxproj", "{93BCC144-233E-41C5-A1E7-D249225DA82B}"
EndProject
Project("{8BC9CEB8-8B4A-11D0-8D11-00A0C91BC942}") = "002_HelloShapes", "VGP242\02_HelloShapes\002_HelloShapes\002_HelloShapes.vcxproj", "{0DE9CAC0-8BAB-4A39-8037-0103C2525B2E}"
EndProject
Project("{2150E333-8FDC-42A3-9474-1A3956D46DE8}") = "Assets", "Assets", "{E8779749-BD38-4321-8A41-54F3AED0349B}"
EndProject
Project("{2150E333-8FDC-42A3-9474-1A3956D46DE8}") = "Shaders", "Shaders", "{5D221650-190A-42A5-BFA5-FA3145EE739F}"
	ProjectSection(SolutionItems) = preProject
		Assets\Shaders\DoNothing.fx = Assets\Shaders\DoNothing.fx
		Assets\Shaders\DoSomething.fx = Assets\Shaders\DoSomething.fx
		Assets\Shaders\DoTexture.fx = Assets\Shaders\DoTexture.fx
		Assets\Shaders\DoTransform.fx = Assets\Shaders\DoTransform.fx
		Assets\Shaders\SimpleDraw.fx = Assets\Shaders\SimpleDraw.fx
	EndProjectSection
EndProject
Project("{8BC9CEB8-8B4A-11D0-8D11-00A0C91BC942}") = "003_HelloCube", "VGP242\03_HelloCube\003_HelloCube\003_HelloCube.vcxproj", "{A25215EB-B727-4302-8659-9AD9ABCD9D51}"
EndProject
Project("{8BC9CEB8-8B4A-11D0-8D11-00A0C91BC942}") = "004_HelloMeshBuilder", "VGP242\04_HelloMeshBuilder\004_HelloMeshBuilder\004_HelloMeshBuilder.vcxproj", "{812D378E-4AE2-4343-91E2-2F008DAF579B}"
EndProject
Project("{2150E333-8FDC-42A3-9474-1A3956D46DE8}") = "External", "External", "{3309574E-6C6F-4F56-9F90-C4221D1F976C}"
EndProject
Project("{8BC9CEB8-8B4A-11D0-8D11-00A0C91BC942}") = "DirectXTK", "External\DirectXTK\DirectXTK.vcxproj", "{E0B52AE7-E160-4D32-BF3F-910B785E5A8E}"
EndProject
Project("{8BC9CEB8-8B4A-11D0-8D11-00A0C91BC942}") = "005_HelloMeshSwitcher", "VGP242\05_HelloMeshSwitcher\005_HelloMeshSwitcher\005_HelloMeshSwitcher.vcxproj", "{58B7E45D-9FD2-4E07-B572-78BA34159AAB}"
EndProject
Project("{8BC9CEB8-8B4A-11D0-8D11-00A0C91BC942}") = "006_HelloSimpleDraw", "VGP242\06_HelloSimpleDraw\006_HelloSimpleDraw\006_HelloSimpleDraw.vcxproj", "{FDF371CC-BE1F-4880-BF62-FBE01F039086}"
EndProject
Project("{8BC9CEB8-8B4A-11D0-8D11-00A0C91BC942}") = "007_HelloImGui", "VGP242\07_HelloImGui\007_HelloImGui\007_HelloImGui.vcxproj", "{0B18FD88-4B0C-4A90-B650-CFBF3C04E617}"
EndProject
Project("{8BC9CEB8-8B4A-11D0-8D11-00A0C91BC942}") = "ImGui", "External\ImGui\ImGui.vcxproj", "{52D656A2-A2F4-4C54-A3C7-653427BED1E8}"
EndProject
Project("{8BC9CEB8-8B4A-11D0-8D11-00A0C91BC942}") = "008_HelloRenderTargeti", "VGP242\08_HelloRenderTarget\008_HelloRenderTarget\008_HelloRenderTargeti.vcxproj", "{67C45589-B52F-484F-884D-0466AD59360D}"
EndProject
Project("{8BC9CEB8-8B4A-11D0-8D11-00A0C91BC942}") = "009_HelloSolarSystem", "VGP242\09_HelloSolarSystem\009_HelloSolarSystem\009_HelloSolarSystem.vcxproj", "{8C1F423D-866E-49C7-96F5-D581339768B9}"
EndProject
Project("{8BC9CEB8-8B4A-11D0-8D11-00A0C91BC942}") = "XephInput", "External\XephInput\XephInput.vcxproj", "{A3181EA0-4C3F-451B-A6FA-48ED49A44595}"
EndProject
Global
	GlobalSection(SolutionConfigurationPlatforms) = preSolution
		Debug|x64 = Debug|x64
		Debug|x86 = Debug|x86
		Release|x64 = Release|x64
		Release|x86 = Release|x86
	EndGlobalSection
	GlobalSection(ProjectConfigurationPlatforms) = postSolution
		{974FE745-0318-4C3B-AE60-E3C880B4689B}.Debug|x64.ActiveCfg = Debug|x64
		{974FE745-0318-4C3B-AE60-E3C880B4689B}.Debug|x64.Build.0 = Debug|x64
		{974FE745-0318-4C3B-AE60-E3C880B4689B}.Debug|x86.ActiveCfg = Debug|Win32
		{974FE745-0318-4C3B-AE60-E3C880B4689B}.Debug|x86.Build.0 = Debug|Win32
		{974FE745-0318-4C3B-AE60-E3C880B4689B}.Release|x64.ActiveCfg = Release|x64
		{974FE745-0318-4C3B-AE60-E3C880B4689B}.Release|x64.Build.0 = Release|x64
		{974FE745-0318-4C3B-AE60-E3C880B4689B}.Release|x86.ActiveCfg = Release|Win32
		{974FE745-0318-4C3B-AE60-E3C880B4689B}.Release|x86.Build.0 = Release|Win32
		{8AD805AE-7BAB-40F4-A874-845FCD3F3BD5}.Debug|x64.ActiveCfg = Debug|x64
		{8AD805AE-7BAB-40F4-A874-845FCD3F3BD5}.Debug|x64.Build.0 = Debug|x64
		{8AD805AE-7BAB-40F4-A874-845FCD3F3BD5}.Debug|x86.ActiveCfg = Debug|Win32
		{8AD805AE-7BAB-40F4-A874-845FCD3F3BD5}.Debug|x86.Build.0 = Debug|Win32
		{8AD805AE-7BAB-40F4-A874-845FCD3F3BD5}.Release|x64.ActiveCfg = Release|x64
		{8AD805AE-7BAB-40F4-A874-845FCD3F3BD5}.Release|x64.Build.0 = Release|x64
		{8AD805AE-7BAB-40F4-A874-845FCD3F3BD5}.Release|x86.ActiveCfg = Release|Win32
		{8AD805AE-7BAB-40F4-A874-845FCD3F3BD5}.Release|x86.Build.0 = Release|Win32
		{943A5553-FB42-4D44-A6FD-A4505C471306}.Debug|x64.ActiveCfg = Debug|x64
		{943A5553-FB42-4D44-A6FD-A4505C471306}.Debug|x64.Build.0 = Debug|x64
		{943A5553-FB42-4D44-A6FD-A4505C471306}.Debug|x86.ActiveCfg = Debug|Win32
		{943A5553-FB42-4D44-A6FD-A4505C471306}.Debug|x86.Build.0 = Debug|Win32
		{943A5553-FB42-4D44-A6FD-A4505C471306}.Release|x64.ActiveCfg = Release|x64
		{943A5553-FB42-4D44-A6FD-A4505C471306}.Release|x64.Build.0 = Release|x64
		{943A5553-FB42-4D44-A6FD-A4505C471306}.Release|x86.ActiveCfg = Release|Win32
		{943A5553-FB42-4D44-A6FD-A4505C471306}.Release|x86.Build.0 = Release|Win32
		{559783D1-4643-41A5-8DEF-067CF092C1E7}.Debug|x64.ActiveCfg = Debug|x64
		{559783D1-4643-41A5-8DEF-067CF092C1E7}.Debug|x64.Build.0 = Debug|x64
		{559783D1-4643-41A5-8DEF-067CF092C1E7}.Debug|x86.ActiveCfg = Debug|Win32
		{559783D1-4643-41A5-8DEF-067CF092C1E7}.Debug|x86.Build.0 = Debug|Win32
		{559783D1-4643-41A5-8DEF-067CF092C1E7}.Release|x64.ActiveCfg = Release|x64
		{559783D1-4643-41A5-8DEF-067CF092C1E7}.Release|x64.Build.0 = Release|x64
		{559783D1-4643-41A5-8DEF-067CF092C1E7}.Release|x86.ActiveCfg = Release|Win32
		{559783D1-4643-41A5-8DEF-067CF092C1E7}.Release|x86.Build.0 = Release|Win32
		{93BCC144-233E-41C5-A1E7-D249225DA82B}.Debug|x64.ActiveCfg = Debug|x64
		{93BCC144-233E-41C5-A1E7-D249225DA82B}.Debug|x64.Build.0 = Debug|x64
		{93BCC144-233E-41C5-A1E7-D249225DA82B}.Debug|x86.ActiveCfg = Debug|Win32
		{93BCC144-233E-41C5-A1E7-D249225DA82B}.Debug|x86.Build.0 = Debug|Win32
		{93BCC144-233E-41C5-A1E7-D249225DA82B}.Release|x64.ActiveCfg = Release|x64
		{93BCC144-233E-41C5-A1E7-D249225DA82B}.Release|x64.Build.0 = Release|x64
		{93BCC144-233E-41C5-A1E7-D249225DA82B}.Release|x86.ActiveCfg = Release|Win32
		{93BCC144-233E-41C5-A1E7-D249225DA82B}.Release|x86.Build.0 = Release|Win32
		{0DE9CAC0-8BAB-4A39-8037-0103C2525B2E}.Debug|x64.ActiveCfg = Debug|x64
		{0DE9CAC0-8BAB-4A39-8037-0103C2525B2E}.Debug|x64.Build.0 = Debug|x64
		{0DE9CAC0-8BAB-4A39-8037-0103C2525B2E}.Debug|x86.ActiveCfg = Debug|Win32
		{0DE9CAC0-8BAB-4A39-8037-0103C2525B2E}.Debug|x86.Build.0 = Debug|Win32
		{0DE9CAC0-8BAB-4A39-8037-0103C2525B2E}.Release|x64.ActiveCfg = Release|x64
		{0DE9CAC0-8BAB-4A39-8037-0103C2525B2E}.Release|x64.Build.0 = Release|x64
		{0DE9CAC0-8BAB-4A39-8037-0103C2525B2E}.Release|x86.ActiveCfg = Release|Win32
		{0DE9CAC0-8BAB-4A39-8037-0103C2525B2E}.Release|x86.Build.0 = Release|Win32
		{A25215EB-B727-4302-8659-9AD9ABCD9D51}.Debug|x64.ActiveCfg = Debug|x64
		{A25215EB-B727-4302-8659-9AD9ABCD9D51}.Debug|x64.Build.0 = Debug|x64
		{A25215EB-B727-4302-8659-9AD9ABCD9D51}.Debug|x86.ActiveCfg = Debug|Win32
		{A25215EB-B727-4302-8659-9AD9ABCD9D51}.Debug|x86.Build.0 = Debug|Win32
		{A25215EB-B727-4302-8659-9AD9ABCD9D51}.Release|x64.ActiveCfg = Release|x64
		{A25215EB-B727-4302-8659-9AD9ABCD9D51}.Release|x64.Build.0 = Release|x64
		{A25215EB-B727-4302-8659-9AD9ABCD9D51}.Release|x86.ActiveCfg = Release|Win32
		{A25215EB-B727-4302-8659-9AD9ABCD9D51}.Release|x86.Build.0 = Release|Win32
		{812D378E-4AE2-4343-91E2-2F008DAF579B}.Debug|x64.ActiveCfg = Debug|x64
		{812D378E-4AE2-4343-91E2-2F008DAF579B}.Debug|x64.Build.0 = Debug|x64
		{812D378E-4AE2-4343-91E2-2F008DAF579B}.Debug|x86.ActiveCfg = Debug|Win32
		{812D378E-4AE2-4343-91E2-2F008DAF579B}.Debug|x86.Build.0 = Debug|Win32
		{812D378E-4AE2-4343-91E2-2F008DAF579B}.Release|x64.ActiveCfg = Release|x64
		{812D378E-4AE2-4343-91E2-2F008DAF579B}.Release|x64.Build.0 = Release|x64
		{812D378E-4AE2-4343-91E2-2F008DAF579B}.Release|x86.ActiveCfg = Release|Win32
		{812D378E-4AE2-4343-91E2-2F008DAF579B}.Release|x86.Build.0 = Release|Win32
		{E0B52AE7-E160-4D32-BF3F-910B785E5A8E}.Debug|x64.ActiveCfg = Debug|x64
		{E0B52AE7-E160-4D32-BF3F-910B785E5A8E}.Debug|x64.Build.0 = Debug|x64
		{E0B52AE7-E160-4D32-BF3F-910B785E5A8E}.Debug|x86.ActiveCfg = Debug|Win32
		{E0B52AE7-E160-4D32-BF3F-910B785E5A8E}.Debug|x86.Build.0 = Debug|Win32
		{E0B52AE7-E160-4D32-BF3F-910B785E5A8E}.Release|x64.ActiveCfg = Release|x64
		{E0B52AE7-E160-4D32-BF3F-910B785E5A8E}.Release|x64.Build.0 = Release|x64
		{E0B52AE7-E160-4D32-BF3F-910B785E5A8E}.Release|x86.ActiveCfg = Release|Win32
		{E0B52AE7-E160-4D32-BF3F-910B785E5A8E}.Release|x86.Build.0 = Release|Win32
		{58B7E45D-9FD2-4E07-B572-78BA34159AAB}.Debug|x64.ActiveCfg = Debug|x64
		{58B7E45D-9FD2-4E07-B572-78BA34159AAB}.Debug|x64.Build.0 = Debug|x64
		{58B7E45D-9FD2-4E07-B572-78BA34159AAB}.Debug|x86.ActiveCfg = Debug|Win32
		{58B7E45D-9FD2-4E07-B572-78BA34159AAB}.Debug|x86.Build.0 = Debug|Win32
		{58B7E45D-9FD2-4E07-B572-78BA34159AAB}.Release|x64.ActiveCfg = Release|x64
		{58B7E45D-9FD2-4E07-B572-78BA34159AAB}.Release|x64.Build.0 = Release|x64
		{58B7E45D-9FD2-4E07-B572-78BA34159AAB}.Release|x86.ActiveCfg = Release|Win32
		{58B7E45D-9FD2-4E07-B572-78BA34159AAB}.Release|x86.Build.0 = Release|Win32
		{FDF371CC-BE1F-4880-BF62-FBE01F039086}.Debug|x64.ActiveCfg = Debug|x64
		{FDF371CC-BE1F-4880-BF62-FBE01F039086}.Debug|x64.Build.0 = Debug|x64
		{FDF371CC-BE1F-4880-BF62-FBE01F039086}.Debug|x86.ActiveCfg = Debug|Win32
		{FDF371CC-BE1F-4880-BF62-FBE01F039086}.Debug|x86.Build.0 = Debug|Win32
		{FDF371CC-BE1F-4880-BF62-FBE01F039086}.Release|x64.ActiveCfg = Release|x64
		{FDF371CC-BE1F-4880-BF62-FBE01F039086}.Release|x64.Build.0 = Release|x64
		{FDF371CC-BE1F-4880-BF62-FBE01F039086}.Release|x86.ActiveCfg = Release|Win32
		{FDF371CC-BE1F-4880-BF62-FBE01F039086}.Release|x86.Build.0 = Release|Win32
		{0B18FD88-4B0C-4A90-B650-CFBF3C04E617}.Debug|x64.ActiveCfg = Debug|x64
		{0B18FD88-4B0C-4A90-B650-CFBF3C04E617}.Debug|x64.Build.0 = Debug|x64
		{0B18FD88-4B0C-4A90-B650-CFBF3C04E617}.Debug|x86.ActiveCfg = Debug|Win32
		{0B18FD88-4B0C-4A90-B650-CFBF3C04E617}.Debug|x86.Build.0 = Debug|Win32
		{0B18FD88-4B0C-4A90-B650-CFBF3C04E617}.Release|x64.ActiveCfg = Release|x64
		{0B18FD88-4B0C-4A90-B650-CFBF3C04E617}.Release|x64.Build.0 = Release|x64
		{0B18FD88-4B0C-4A90-B650-CFBF3C04E617}.Release|x86.ActiveCfg = Release|Win32
		{0B18FD88-4B0C-4A90-B650-CFBF3C04E617}.Release|x86.Build.0 = Release|Win32
		{52D656A2-A2F4-4C54-A3C7-653427BED1E8}.Debug|x64.ActiveCfg = Debug|x64
		{52D656A2-A2F4-4C54-A3C7-653427BED1E8}.Debug|x64.Build.0 = Debug|x64
		{52D656A2-A2F4-4C54-A3C7-653427BED1E8}.Debug|x86.ActiveCfg = Debug|Win32
		{52D656A2-A2F4-4C54-A3C7-653427BED1E8}.Debug|x86.Build.0 = Debug|Win32
		{52D656A2-A2F4-4C54-A3C7-653427BED1E8}.Release|x64.ActiveCfg = Release|x64
		{52D656A2-A2F4-4C54-A3C7-653427BED1E8}.Release|x64.Build.0 = Release|x64
		{52D656A2-A2F4-4C54-A3C7-653427BED1E8}.Release|x86.ActiveCfg = Release|Win32
		{52D656A2-A2F4-4C54-A3C7-653427BED1E8}.Release|x86.Build.0 = Release|Win32
		{67C45589-B52F-484F-884D-0466AD59360D}.Debug|x64.ActiveCfg = Debug|x64
		{67C45589-B52F-484F-884D-0466AD59360D}.Debug|x64.Build.0 = Debug|x64
		{67C45589-B52F-484F-884D-0466AD59360D}.Debug|x86.ActiveCfg = Debug|Win32
		{67C45589-B52F-484F-884D-0466AD59360D}.Debug|x86.Build.0 = Debug|Win32
		{67C45589-B52F-484F-884D-0466AD59360D}.Release|x64.ActiveCfg = Release|x64
		{67C45589-B52F-484F-884D-0466AD59360D}.Release|x64.Build.0 = Release|x64
		{67C45589-B52F-484F-884D-0466AD59360D}.Release|x86.ActiveCfg = Release|Win32
		{67C45589-B52F-484F-884D-0466AD59360D}.Release|x86.Build.0 = Release|Win32
		{8C1F423D-866E-49C7-96F5-D581339768B9}.Debug|x64.ActiveCfg = Debug|x64
		{8C1F423D-866E-49C7-96F5-D581339768B9}.Debug|x64.Build.0 = Debug|x64
		{8C1F423D-866E-49C7-96F5-D581339768B9}.Debug|x86.ActiveCfg = Debug|Win32
		{8C1F423D-866E-49C7-96F5-D581339768B9}.Debug|x86.Build.0 = Debug|Win32
		{8C1F423D-866E-49C7-96F5-D581339768B9}.Release|x64.ActiveCfg = Release|x64
		{8C1F423D-866E-49C7-96F5-D581339768B9}.Release|x64.Build.0 = Release|x64
		{8C1F423D-866E-49C7-96F5-D581339768B9}.Release|x86.ActiveCfg = Release|Win32
		{8C1F423D-866E-49C7-96F5-D581339768B9}.Release|x86.Build.0 = Release|Win32
		{A3181EA0-4C3F-451B-A6FA-48ED49A44595}.Debug|x64.ActiveCfg = Debug|x64
		{A3181EA0-4C3F-451B-A6FA-48ED49A44595}.Debug|x64.Build.0 = Debug|x64
		{A3181EA0-4C3F-451B-A6FA-48ED49A44595}.Debug|x86.ActiveCfg = Debug|Win32
		{A3181EA0-4C3F-451B-A6FA-48ED49A44595}.Debug|x86.Build.0 = Debug|Win32
		{A3181EA0-4C3F-451B-A6FA-48ED49A44595}.Release|x64.ActiveCfg = Release|x64
		{A3181EA0-4C3F-451B-A6FA-48ED49A44595}.Release|x64.Build.0 = Release|x64
		{A3181EA0-4C3F-451B-A6FA-48ED49A44595}.Release|x86.ActiveCfg = Release|Win32
		{A3181EA0-4C3F-451B-A6FA-48ED49A44595}.Release|x86.Build.0 = Release|Win32
	EndGlobalSection
	GlobalSection(SolutionProperties) = preSolution
		HideSolutionNode = FALSE
	EndGlobalSection
	GlobalSection(NestedProjects) = preSolution
		{974FE745-0318-4C3B-AE60-E3C880B4689B} = {A534ACAE-C701-4119-9442-E4D658C9C54E}
		{8AD805AE-7BAB-40F4-A874-845FCD3F3BD5} = {FFEFBBE6-5ED0-494D-AD5B-95391EEF355A}
		{943A5553-FB42-4D44-A6FD-A4505C471306} = {FFEFBBE6-5ED0-494D-AD5B-95391EEF355A}
		{559783D1-4643-41A5-8DEF-067CF092C1E7} = {FFEFBBE6-5ED0-494D-AD5B-95391EEF355A}
		{93BCC144-233E-41C5-A1E7-D249225DA82B} = {39574EA4-28E7-457D-83A9-AE2562EC724A}
		{0DE9CAC0-8BAB-4A39-8037-0103C2525B2E} = {39574EA4-28E7-457D-83A9-AE2562EC724A}
		{5D221650-190A-42A5-BFA5-FA3145EE739F} = {E8779749-BD38-4321-8A41-54F3AED0349B}
		{A25215EB-B727-4302-8659-9AD9ABCD9D51} = {39574EA4-28E7-457D-83A9-AE2562EC724A}
		{812D378E-4AE2-4343-91E2-2F008DAF579B} = {39574EA4-28E7-457D-83A9-AE2562EC724A}
		{E0B52AE7-E160-4D32-BF3F-910B785E5A8E} = {3309574E-6C6F-4F56-9F90-C4221D1F976C}
		{58B7E45D-9FD2-4E07-B572-78BA34159AAB} = {39574EA4-28E7-457D-83A9-AE2562EC724A}
		{FDF371CC-BE1F-4880-BF62-FBE01F039086} = {39574EA4-28E7-457D-83A9-AE2562EC724A}
		{0B18FD88-4B0C-4A90-B650-CFBF3C04E617} = {39574EA4-28E7-457D-83A9-AE2562EC724A}
		{52D656A2-A2F4-4C54-A3C7-653427BED1E8} = {3309574E-6C6F-4F56-9F90-C4221D1F976C}
		{67C45589-B52F-484F-884D-0466AD59360D} = {39574EA4-28E7-457D-83A9-AE2562EC724A}
		{8C1F423D-866E-49C7-96F5-D581339768B9} = {39574EA4-28E7-457D-83A9-AE2562EC724A}
		{A3181EA0-4C3F-451B-A6FA-48ED49A44595} = {3309574E-6C6F-4F56-9F90-C4221D1F976C}
	EndGlobalSection
	GlobalSection(ExtensibilityGlobals) = postSolution
		SolutionGuid = {28EC5016-92B6-4BDC-B48A-2ABEB2890FF5}
	EndGlobalSection
EndGlobal
