<?xml version="1.0" encoding="utf-8"?>
<Project ToolsVersion="4.0" xmlns="http://schemas.microsoft.com/developer/msbuild/2003">
  <ItemGroup>
    <Filter Include="Include">
      <UniqueIdentifier>{69ffcdc5-8c03-4dec-b06e-ab7e77db4adb}</UniqueIdentifier>
    </Filter>
    <Filter Include="Source">
      <UniqueIdentifier>{b9d118ec-73aa-41dd-82d3-8d412b942239}</UniqueIdentifier>
    </Filter>
  </ItemGroup>
  <ItemGroup>
    <ClInclude Include="include\Common.h">
      <Filter>Include</Filter>
    </ClInclude>
    <ClInclude Include="include\Core.h">
      <Filter>Include</Filter>
    </ClInclude>
    <ClInclude Include="src\Pch.h">
      <Filter>Source</Filter>
    </ClInclude>
    <ClInclude Include="include\TimeUtil.h">
      <Filter>Include</Filter>
    </ClInclude>
    <ClInclude Include="include\DebugUtil.h">
      <Filter>Include</Filter>
    </ClInclude>
    <ClInclude Include="include\Window.h">
      <Filter>Include</Filter>
    </ClInclude>
    <ClInclude Include="include\WindowMessageHandler.h">
      <Filter>Include</Filter>
    </ClInclude>
    <ClInclude Include="include\BlockAllocator.h">
      <Filter>Include</Filter>
    </ClInclude>
    <ClInclude Include="include\TypedAllocator.h">
      <Filter>Include</Filter>
    </ClInclude>
  </ItemGroup>
  <ItemGroup>
    <ClCompile Include="src\Pch.cpp">
      <Filter>Source</Filter>
    </ClCompile>
    <ClCompile Include="src\TimeUtil.cpp">
      <Filter>Source</Filter>
    </ClCompile>
    <ClCompile Include="src\Window.cpp">
      <Filter>Source</Filter>
    </ClCompile>
    <ClCompile Include="src\WindowMessageHandler.cpp">
      <Filter>Source</Filter>
    </ClCompile>
    <ClCompile Include="src\BlockAllocator.cpp">
      <Filter>Source</Filter>
    </ClCompile>
  </ItemGroup>
</Project>