<?xml version="1.0" encoding="utf-8"?>
<Project ToolsVersion="4.0" xmlns="http://schemas.microsoft.com/developer/msbuild/2003">
  <ItemGroup>
    <Filter Include="Include">
      <UniqueIdentifier>{7d827d8b-9df4-40da-9341-30d1cad98767}</UniqueIdentifier>
    </Filter>
    <Filter Include="Source">
      <UniqueIdentifier>{baedf5de-05a4-4738-bffa-3620d5347950}</UniqueIdentifier>
    </Filter>
    <Filter Include="Include\Components">
      <UniqueIdentifier>{c115a06c-f2a1-42ef-9579-1f01fe550693}</UniqueIdentifier>
    </Filter>
    <Filter Include="Include\Services">
      <UniqueIdentifier>{fcfa84da-6669-45a5-8381-28f36061a458}</UniqueIdentifier>
    </Filter>
    <Filter Include="Source\Components">
      <UniqueIdentifier>{b785aa8e-6d09-43f7-b9f6-31758c851123}</UniqueIdentifier>
    </Filter>
    <Filter Include="Source\Services">
      <UniqueIdentifier>{4fb22a02-666b-475b-b366-86f4445eb7f9}</UniqueIdentifier>
    </Filter>
  </ItemGroup>
  <ItemGroup>
    <ClInclude Include="include\XephEngine.h">
      <Filter>Include</Filter>
    </ClInclude>
    <ClInclude Include="include\Common.h">
      <Filter>Include</Filter>
    </ClInclude>
    <ClInclude Include="src\Pch.h">
      <Filter>Source</Filter>
    </ClInclude>
    <ClInclude Include="include\App.h">
      <Filter>Include</Filter>
    </ClInclude>
    <ClInclude Include="include\AppState.h">
      <Filter>Include</Filter>
    </ClInclude>
    <ClInclude Include="include\GameObject.h">
      <Filter>Include</Filter>
    </ClInclude>
    <ClInclude Include="include\TypeIDs.h" />
    <ClInclude Include="include\GameObjectFactory.h">
      <Filter>Include</Filter>
    </ClInclude>
    <ClInclude Include="include\Component.h">
      <Filter>Include\Components</Filter>
    </ClInclude>
    <ClInclude Include="include\TransformComponent.h">
      <Filter>Include\Components</Filter>
    </ClInclude>
    <ClInclude Include="include\Service.h">
      <Filter>Include\Services</Filter>
    </ClInclude>
    <ClInclude Include="include\CameraService.h">
      <Filter>Include\Services</Filter>
    </ClInclude>
    <ClInclude Include="include\CameraComponent.h">
      <Filter>Include\Components</Filter>
    </ClInclude>
    <ClInclude Include="include\World.h">
      <Filter>Include</Filter>
    </ClInclude>
    <ClInclude Include="include\GameObjectHandle.h">
      <Filter>Include</Filter>
    </ClInclude>
    <ClInclude Include="include\FPSCameraComponent.h">
      <Filter>Include\Components</Filter>
    </ClInclude>
    <ClInclude Include="include\UpdateService.h">
      <Filter>Include\Services</Filter>
    </ClInclude>
  </ItemGroup>
  <ItemGroup>
    <ClCompile Include="src\Pch.cpp">
      <Filter>Source</Filter>
    </ClCompile>
    <ClCompile Include="src\App.cpp">
      <Filter>Source</Filter>
    </ClCompile>
    <ClCompile Include="src\XephEngine.cpp">
      <Filter>Source</Filter>
    </ClCompile>
    <ClCompile Include="src\GameObject.cpp">
      <Filter>Source</Filter>
    </ClCompile>
    <ClCompile Include="src\GameObjectFactory.cpp">
      <Filter>Source</Filter>
    </ClCompile>
    <ClCompile Include="src\TransformComponent.cpp">
      <Filter>Source\Components</Filter>
    </ClCompile>
    <ClCompile Include="src\CameraService.cpp">
      <Filter>Source\Services</Filter>
    </ClCompile>
    <ClCompile Include="src\CameraComponent.cpp">
      <Filter>Source\Components</Filter>
    </ClCompile>
    <ClCompile Include="src\World.cpp">
      <Filter>Source</Filter>
    </ClCompile>
    <ClCompile Include="src\FPSCameraComponent.cpp">
      <Filter>Source\Components</Filter>
    </ClCompile>
    <ClCompile Include="src\UpdateService.cpp">
      <Filter>Source\Services</Filter>
    </ClCompile>
  </ItemGroup>
</Project>