<?xml version="1.0" encoding="utf-8"?>
<Project ToolsVersion="4.0" xmlns="http://schemas.microsoft.com/developer/msbuild/2003">
  <ItemGroup>
    <Filter Include="Include">
      <UniqueIdentifier>{f4a89a91-4abb-4b5e-ad77-17a4ed42bf2f}</UniqueIdentifier>
    </Filter>
    <Filter Include="Source">
      <UniqueIdentifier>{eea477ac-b68a-4502-9ed0-4bf8586664be}</UniqueIdentifier>
    </Filter>
  </ItemGroup>
  <ItemGroup>
    <ClInclude Include="include\Graphics.h">
      <Filter>Include</Filter>
    </ClInclude>
    <ClInclude Include="include\Common.h">
      <Filter>Include</Filter>
    </ClInclude>
    <ClInclude Include="src\Pch.h">
      <Filter>Source</Filter>
    </ClInclude>
    <ClInclude Include="include\Colors.h">
      <Filter>Include</Filter>
    </ClInclude>
    <ClInclude Include="include\GraphicsSystem.h">
      <Filter>Include</Filter>
    </ClInclude>
    <ClInclude Include="include\MeshBuffer.h">
      <Filter>Include</Filter>
    </ClInclude>
    <ClInclude Include="include\VertexShader.h">
      <Filter>Include</Filter>
    </ClInclude>
    <ClInclude Include="include\VertexTypes.h">
      <Filter>Include</Filter>
    </ClInclude>
    <ClInclude Include="include\PixelShader.h">
      <Filter>Include</Filter>
    </ClInclude>
    <ClInclude Include="include\MeshTypes.h">
      <Filter>Include</Filter>
    </ClInclude>
    <ClInclude Include="include\Camera.h">
      <Filter>Include</Filter>
    </ClInclude>
    <ClInclude Include="include\ConstantBuffer.h">
      <Filter>Include</Filter>
    </ClInclude>
    <ClInclude Include="include\MeshBuilder.h">
      <Filter>Include</Filter>
    </ClInclude>
    <ClInclude Include="include\Texture.h">
      <Filter>Include</Filter>
    </ClInclude>
    <ClInclude Include="include\Sampler.h">
      <Filter>Include</Filter>
    </ClInclude>
    <ClInclude Include="include\SimpleDraw.h">
      <Filter>Include</Filter>
    </ClInclude>
    <ClInclude Include="include\DebugUI.h">
      <Filter>Include</Filter>
    </ClInclude>
    <ClInclude Include="include\BlendState.h">
      <Filter>Include</Filter>
    </ClInclude>
    <ClInclude Include="include\RenderObject.h">
      <Filter>Include</Filter>
    </ClInclude>
    <ClInclude Include="include\Transform.h">
      <Filter>Include</Filter>
    </ClInclude>
    <ClInclude Include="include\SimpleEffect.h">
      <Filter>Include</Filter>
    </ClInclude>
    <ClInclude Include="include\RenderTarget.h">
      <Filter>Include</Filter>
    </ClInclude>
    <ClInclude Include="include\StandardEffect.h">
      <Filter>Include</Filter>
    </ClInclude>
    <ClInclude Include="include\TextureManager.h">
      <Filter>Include</Filter>
    </ClInclude>
    <ClInclude Include="include\LightType.h">
      <Filter>Include</Filter>
    </ClInclude>
    <ClInclude Include="include\Material.h">
      <Filter>Include</Filter>
    </ClInclude>
    <ClInclude Include="include\CelEffect.h">
      <Filter>Include</Filter>
    </ClInclude>
    <ClInclude Include="include\Model.h">
      <Filter>Include</Filter>
    </ClInclude>
    <ClInclude Include="include\ModelIO.h">
      <Filter>Include</Filter>
    </ClInclude>
    <ClInclude Include="include\ModelManager.h">
      <Filter>Include</Filter>
    </ClInclude>
    <ClInclude Include="include\PostProcEffect.h">
      <Filter>Include</Filter>
    </ClInclude>
    <ClInclude Include="include\ShadowEffect.h">
      <Filter>Include</Filter>
    </ClInclude>
    <ClInclude Include="include\BloomEffect.h">
      <Filter>Include</Filter>
    </ClInclude>
    <ClInclude Include="include\Terrain.h">
      <Filter>Include</Filter>
    </ClInclude>
    <ClInclude Include="include\TerrainEffect.h">
      <Filter>Include</Filter>
    </ClInclude>
    <ClInclude Include="include\WaterEffect.h">
      <Filter>Include</Filter>
    </ClInclude>
    <ClInclude Include="include\Water.h">
      <Filter>Include</Filter>
    </ClInclude>
    <ClInclude Include="include\Keyframe.h">
      <Filter>Include</Filter>
    </ClInclude>
    <ClInclude Include="include\Animation.h">
      <Filter>Include</Filter>
    </ClInclude>
    <ClInclude Include="include\AnimationBuilder.h">
      <Filter>Include</Filter>
    </ClInclude>
    <ClInclude Include="include\Bone.h">
      <Filter>Include</Filter>
    </ClInclude>
    <ClInclude Include="include\Skeleton.h">
      <Filter>Include</Filter>
    </ClInclude>
    <ClInclude Include="include\AnimationUtil.h">
      <Filter>Include</Filter>
    </ClInclude>
    <ClInclude Include="include\AnimationClip.h">
      <Filter>Include</Filter>
    </ClInclude>
    <ClInclude Include="include\Animator.h">
      <Filter>Include</Filter>
    </ClInclude>
    <ClInclude Include="include\ParticleEffect.h">
      <Filter>Include</Filter>
    </ClInclude>
  </ItemGroup>
  <ItemGroup>
    <ClCompile Include="src\Pch.cpp">
      <Filter>Source</Filter>
    </ClCompile>
    <ClCompile Include="src\GraphicsSystem.cpp">
      <Filter>Source</Filter>
    </ClCompile>
    <ClCompile Include="src\MeshBuffer.cpp">
      <Filter>Source</Filter>
    </ClCompile>
    <ClCompile Include="src\VertexShader.cpp">
      <Filter>Source</Filter>
    </ClCompile>
    <ClCompile Include="src\PixelShader.cpp">
      <Filter>Source</Filter>
    </ClCompile>
    <ClCompile Include="src\Camera.cpp">
      <Filter>Source</Filter>
    </ClCompile>
    <ClCompile Include="src\ConstantBuffer.cpp">
      <Filter>Source</Filter>
    </ClCompile>
    <ClCompile Include="src\MeshBuilder.cpp">
      <Filter>Source</Filter>
    </ClCompile>
    <ClCompile Include="src\Texture.cpp">
      <Filter>Source</Filter>
    </ClCompile>
    <ClCompile Include="src\Sampler.cpp">
      <Filter>Source</Filter>
    </ClCompile>
    <ClCompile Include="src\SimpleDraw.cpp">
      <Filter>Source</Filter>
    </ClCompile>
    <ClCompile Include="src\DebugUI.cpp">
      <Filter>Source</Filter>
    </ClCompile>
    <ClCompile Include="src\BlendState.cpp">
      <Filter>Source</Filter>
    </ClCompile>
    <ClCompile Include="src\RenderObject.cpp">
      <Filter>Source</Filter>
    </ClCompile>
    <ClCompile Include="src\SimpleEffect.cpp">
      <Filter>Source</Filter>
    </ClCompile>
    <ClCompile Include="src\RenderTarget.cpp">
      <Filter>Source</Filter>
    </ClCompile>
    <ClCompile Include="src\StandardEffect.cpp">
      <Filter>Source</Filter>
    </ClCompile>
    <ClCompile Include="src\TextureManager.cpp">
      <Filter>Source</Filter>
    </ClCompile>
    <ClCompile Include="src\CelEffect.cpp">
      <Filter>Source</Filter>
    </ClCompile>
    <ClCompile Include="src\ModelIO.cpp">
      <Filter>Source</Filter>
    </ClCompile>
    <ClCompile Include="src\ModelManager.cpp">
      <Filter>Source</Filter>
    </ClCompile>
    <ClCompile Include="src\PostProcEffect.cpp">
      <Filter>Source</Filter>
    </ClCompile>
    <ClCompile Include="src\ShadowEffect.cpp">
      <Filter>Source</Filter>
    </ClCompile>
    <ClCompile Include="src\BloomEffect.cpp">
      <Filter>Source</Filter>
    </ClCompile>
    <ClCompile Include="src\Terrain.cpp">
      <Filter>Source</Filter>
    </ClCompile>
    <ClCompile Include="src\TerrainEffect.cpp">
      <Filter>Source</Filter>
    </ClCompile>
    <ClCompile Include="src\WaterEffect.cpp">
      <Filter>Source</Filter>
    </ClCompile>
    <ClCompile Include="src\Water.cpp">
      <Filter>Source</Filter>
    </ClCompile>
    <ClCompile Include="src\Animation.cpp">
      <Filter>Source</Filter>
    </ClCompile>
    <ClCompile Include="src\AnimationBuilder.cpp">
      <Filter>Source</Filter>
    </ClCompile>
    <ClCompile Include="src\AnimationUtil.cpp">
      <Filter>Source</Filter>
    </ClCompile>
    <ClCompile Include="src\Animator.cpp">
      <Filter>Source</Filter>
    </ClCompile>
    <ClCompile Include="src\ParticleEffect.cpp">
      <Filter>Source</Filter>
    </ClCompile>
  </ItemGroup>
</Project>